// !$*UTF8*$!
{
	archiveVersion = 1;
	classes = {
	};
	objectVersion = 56;
	objects = {

/* Begin PBXBuildFile section */
		5E90BCD72B8245E50077B1E2 /* DeployApp.swift in Sources */ = {isa = PBXBuildFile; fileRef = 5E90BCD62B8245E50077B1E2 /* DeployApp.swift */; };
		5E90BCD92B8245E50077B1E2 /* ContentView.swift in Sources */ = {isa = PBXBuildFile; fileRef = 5E90BCD82B8245E50077B1E2 /* ContentView.swift */; };
		5E90BCDB2B8245E60077B1E2 /* Assets.xcassets in Resources */ = {isa = PBXBuildFile; fileRef = 5E90BCDA2B8245E60077B1E2 /* Assets.xcassets */; };
		5E90BCDE2B8245E60077B1E2 /* Preview Assets.xcassets in Resources */ = {isa = PBXBuildFile; fileRef = 5E90BCDD2B8245E60077B1E2 /* Preview Assets.xcassets */; };
		5E90BCE82B8245E70077B1E2 /* DeployTests.swift in Sources */ = {isa = PBXBuildFile; fileRef = 5E90BCE72B8245E70077B1E2 /* DeployTests.swift */; };
		5E90BCF22B8245E70077B1E2 /* DeployUITests.swift in Sources */ = {isa = PBXBuildFile; fileRef = 5E90BCF12B8245E70077B1E2 /* DeployUITests.swift */; };
		5E90BCF42B8245E70077B1E2 /* DeployUITestsLaunchTests.swift in Sources */ = {isa = PBXBuildFile; fileRef = 5E90BCF32B8245E70077B1E2 /* DeployUITestsLaunchTests.swift */; };
/* End PBXBuildFile section */

/* Begin PBXContainerItemProxy section */
		5E90BCE42B8245E70077B1E2 /* PBXContainerItemProxy */ = {
			isa = PBXContainerItemProxy;
			containerPortal = 5E90BCCB2B8245E50077B1E2 /* Project object */;
			proxyType = 1;
			remoteGlobalIDString = 5E90BCD22B8245E50077B1E2;
			remoteInfo = Deploy;
		};
		5E90BCEE2B8245E70077B1E2 /* PBXContainerItemProxy */ = {
			isa = PBXContainerItemProxy;
			containerPortal = 5E90BCCB2B8245E50077B1E2 /* Project object */;
			proxyType = 1;
			remoteGlobalIDString = 5E90BCD22B8245E50077B1E2;
			remoteInfo = Deploy;
		};
/* End PBXContainerItemProxy section */

/* Begin PBXFileReference section */
		5E90BCD32B8245E50077B1E2 /* Deploy.app */ = {isa = PBXFileReference; explicitFileType = wrapper.application; includeInIndex = 0; path = Deploy.app; sourceTree = BUILT_PRODUCTS_DIR; };
		5E90BCD62B8245E50077B1E2 /* DeployApp.swift */ = {isa = PBXFileReference; lastKnownFileType = sourcecode.swift; path = DeployApp.swift; sourceTree = "<group>"; };
		5E90BCD82B8245E50077B1E2 /* ContentView.swift */ = {isa = PBXFileReference; lastKnownFileType = sourcecode.swift; path = ContentView.swift; sourceTree = "<group>"; };
		5E90BCDA2B8245E60077B1E2 /* Assets.xcassets */ = {isa = PBXFileReference; lastKnownFileType = folder.assetcatalog; path = Assets.xcassets; sourceTree = "<group>"; };
		5E90BCDD2B8245E60077B1E2 /* Preview Assets.xcassets */ = {isa = PBXFileReference; lastKnownFileType = folder.assetcatalog; path = "Preview Assets.xcassets"; sourceTree = "<group>"; };
		5E90BCE32B8245E70077B1E2 /* DeployTests.xctest */ = {isa = PBXFileReference; explicitFileType = wrapper.cfbundle; includeInIndex = 0; path = DeployTests.xctest; sourceTree = BUILT_PRODUCTS_DIR; };
		5E90BCE72B8245E70077B1E2 /* DeployTests.swift */ = {isa = PBXFileReference; lastKnownFileType = sourcecode.swift; path = DeployTests.swift; sourceTree = "<group>"; };
		5E90BCED2B8245E70077B1E2 /* DeployUITests.xctest */ = {isa = PBXFileReference; explicitFileType = wrapper.cfbundle; includeInIndex = 0; path = DeployUITests.xctest; sourceTree = BUILT_PRODUCTS_DIR; };
		5E90BCF12B8245E70077B1E2 /* DeployUITests.swift */ = {isa = PBXFileReference; lastKnownFileType = sourcecode.swift; path = DeployUITests.swift; sourceTree = "<group>"; };
		5E90BCF32B8245E70077B1E2 /* DeployUITestsLaunchTests.swift */ = {isa = PBXFileReference; lastKnownFileType = sourcecode.swift; path = DeployUITestsLaunchTests.swift; sourceTree = "<group>"; };
/* End PBXFileReference section */

/* Begin PBXFrameworksBuildPhase section */
		5E90BCD02B8245E50077B1E2 /* Frameworks */ = {
			isa = PBXFrameworksBuildPhase;
			buildActionMask = 2147483647;
			files = (
			);
			runOnlyForDeploymentPostprocessing = 0;
		};
		5E90BCE02B8245E70077B1E2 /* Frameworks */ = {
			isa = PBXFrameworksBuildPhase;
			buildActionMask = 2147483647;
			files = (
			);
			runOnlyForDeploymentPostprocessing = 0;
		};
		5E90BCEA2B8245E70077B1E2 /* Frameworks */ = {
			isa = PBXFrameworksBuildPhase;
			buildActionMask = 2147483647;
			files = (
			);
			runOnlyForDeploymentPostprocessing = 0;
		};
/* End PBXFrameworksBuildPhase section */

/* Begin PBXGroup section */
		5E90BCCA2B8245E50077B1E2 = {
			isa = PBXGroup;
			children = (
				5E90BCD52B8245E50077B1E2 /* Deploy */,
				5E90BCE62B8245E70077B1E2 /* DeployTests */,
				5E90BCF02B8245E70077B1E2 /* DeployUITests */,
				5E90BCD42B8245E50077B1E2 /* Products */,
			);
			sourceTree = "<group>";
		};
		5E90BCD42B8245E50077B1E2 /* Products */ = {
			isa = PBXGroup;
			children = (
				5E90BCD32B8245E50077B1E2 /* Deploy.app */,
				5E90BCE32B8245E70077B1E2 /* DeployTests.xctest */,
				5E90BCED2B8245E70077B1E2 /* DeployUITests.xctest */,
			);
			name = Products;
			sourceTree = "<group>";
		};
		5E90BCD52B8245E50077B1E2 /* Deploy */ = {
			isa = PBXGroup;
			children = (
				5E90BCD62B8245E50077B1E2 /* DeployApp.swift */,
				5E90BCD82B8245E50077B1E2 /* ContentView.swift */,
				5E90BCDA2B8245E60077B1E2 /* Assets.xcassets */,
				5E90BCDC2B8245E60077B1E2 /* Preview Content */,
			);
			path = Deploy;
			sourceTree = "<group>";
		};
		5E90BCDC2B8245E60077B1E2 /* Preview Content */ = {
			isa = PBXGroup;
			children = (
				5E90BCDD2B8245E60077B1E2 /* Preview Assets.xcassets */,
			);
			path = "Preview Content";
			sourceTree = "<group>";
		};
		5E90BCE62B8245E70077B1E2 /* DeployTests */ = {
			isa = PBXGroup;
			children = (
				5E90BCE72B8245E70077B1E2 /* DeployTests.swift */,
			);
			path = DeployTests;
			sourceTree = "<group>";
		};
		5E90BCF02B8245E70077B1E2 /* DeployUITests */ = {
			isa = PBXGroup;
			children = (
				5E90BCF12B8245E70077B1E2 /* DeployUITests.swift */,
				5E90BCF32B8245E70077B1E2 /* DeployUITestsLaunchTests.swift */,
			);
			path = DeployUITests;
			sourceTree = "<group>";
		};
/* End PBXGroup section */

/* Begin PBXNativeTarget section */
		5E90BCD22B8245E50077B1E2 /* Deploy */ = {
			isa = PBXNativeTarget;
			buildConfigurationList = 5E90BCF72B8245E70077B1E2 /* Build configuration list for PBXNativeTarget "Deploy" */;
			buildPhases = (
				5E90BCCF2B8245E50077B1E2 /* Sources */,
				5E90BCD02B8245E50077B1E2 /* Frameworks */,
				5E90BCD12B8245E50077B1E2 /* Resources */,
			);
			buildRules = (
			);
			dependencies = (
			);
			name = Deploy;
			productName = Deploy;
			productReference = 5E90BCD32B8245E50077B1E2 /* Deploy.app */;
			productType = "com.apple.product-type.application";
		};
		5E90BCE22B8245E70077B1E2 /* DeployTests */ = {
			isa = PBXNativeTarget;
			buildConfigurationList = 5E90BCFA2B8245E70077B1E2 /* Build configuration list for PBXNativeTarget "DeployTests" */;
			buildPhases = (
				5E90BCDF2B8245E70077B1E2 /* Sources */,
				5E90BCE02B8245E70077B1E2 /* Frameworks */,
				5E90BCE12B8245E70077B1E2 /* Resources */,
			);
			buildRules = (
			);
			dependencies = (
				5E90BCE52B8245E70077B1E2 /* PBXTargetDependency */,
			);
			name = DeployTests;
			productName = DeployTests;
			productReference = 5E90BCE32B8245E70077B1E2 /* DeployTests.xctest */;
			productType = "com.apple.product-type.bundle.unit-test";
		};
		5E90BCEC2B8245E70077B1E2 /* DeployUITests */ = {
			isa = PBXNativeTarget;
			buildConfigurationList = 5E90BCFD2B8245E70077B1E2 /* Build configuration list for PBXNativeTarget "DeployUITests" */;
			buildPhases = (
				5E90BCE92B8245E70077B1E2 /* Sources */,
				5E90BCEA2B8245E70077B1E2 /* Frameworks */,
				5E90BCEB2B8245E70077B1E2 /* Resources */,
			);
			buildRules = (
			);
			dependencies = (
				5E90BCEF2B8245E70077B1E2 /* PBXTargetDependency */,
			);
			name = DeployUITests;
			productName = DeployUITests;
			productReference = 5E90BCED2B8245E70077B1E2 /* DeployUITests.xctest */;
			productType = "com.apple.product-type.bundle.ui-testing";
		};
/* End PBXNativeTarget section */

/* Begin PBXProject section */
		5E90BCCB2B8245E50077B1E2 /* Project object */ = {
			isa = PBXProject;
			attributes = {
				BuildIndependentTargetsInParallel = 1;
				LastSwiftUpdateCheck = 1520;
				LastUpgradeCheck = 1520;
				TargetAttributes = {
					5E90BCD22B8245E50077B1E2 = {
						CreatedOnToolsVersion = 15.2;
					};
					5E90BCE22B8245E70077B1E2 = {
						CreatedOnToolsVersion = 15.2;
						TestTargetID = 5E90BCD22B8245E50077B1E2;
					};
					5E90BCEC2B8245E70077B1E2 = {
						CreatedOnToolsVersion = 15.2;
						TestTargetID = 5E90BCD22B8245E50077B1E2;
					};
				};
			};
			buildConfigurationList = 5E90BCCE2B8245E50077B1E2 /* Build configuration list for PBXProject "Deploy" */;
			compatibilityVersion = "Xcode 14.0";
			developmentRegion = en;
			hasScannedForEncodings = 0;
			knownRegions = (
				en,
				Base,
			);
			mainGroup = 5E90BCCA2B8245E50077B1E2;
			productRefGroup = 5E90BCD42B8245E50077B1E2 /* Products */;
			projectDirPath = "";
			projectRoot = "";
			targets = (
				5E90BCD22B8245E50077B1E2 /* Deploy */,
				5E90BCE22B8245E70077B1E2 /* DeployTests */,
				5E90BCEC2B8245E70077B1E2 /* DeployUITests */,
			);
		};
/* End PBXProject section */

/* Begin PBXResourcesBuildPhase section */
		5E90BCD12B8245E50077B1E2 /* Resources */ = {
			isa = PBXResourcesBuildPhase;
			buildActionMask = 2147483647;
			files = (
				5E90BCDE2B8245E60077B1E2 /* Preview Assets.xcassets in Resources */,
				5E90BCDB2B8245E60077B1E2 /* Assets.xcassets in Resources */,
			);
			runOnlyForDeploymentPostprocessing = 0;
		};
		5E90BCE12B8245E70077B1E2 /* Resources */ = {
			isa = PBXResourcesBuildPhase;
			buildActionMask = 2147483647;
			files = (
			);
			runOnlyForDeploymentPostprocessing = 0;
		};
		5E90BCEB2B8245E70077B1E2 /* Resources */ = {
			isa = PBXResourcesBuildPhase;
			buildActionMask = 2147483647;
			files = (
			);
			runOnlyForDeploymentPostprocessing = 0;
		};
/* End PBXResourcesBuildPhase section */

/* Begin PBXSourcesBuildPhase section */
		5E90BCCF2B8245E50077B1E2 /* Sources */ = {
			isa = PBXSourcesBuildPhase;
			buildActionMask = 2147483647;
			files = (
				5E90BCD92B8245E50077B1E2 /* ContentView.swift in Sources */,
				5E90BCD72B8245E50077B1E2 /* DeployApp.swift in Sources */,
			);
			runOnlyForDeploymentPostprocessing = 0;
		};
		5E90BCDF2B8245E70077B1E2 /* Sources */ = {
			isa = PBXSourcesBuildPhase;
			buildActionMask = 2147483647;
			files = (
				5E90BCE82B8245E70077B1E2 /* DeployTests.swift in Sources */,
			);
			runOnlyForDeploymentPostprocessing = 0;
		};
		5E90BCE92B8245E70077B1E2 /* Sources */ = {
			isa = PBXSourcesBuildPhase;
			buildActionMask = 2147483647;
			files = (
				5E90BCF22B8245E70077B1E2 /* DeployUITests.swift in Sources */,
				5E90BCF42B8245E70077B1E2 /* DeployUITestsLaunchTests.swift in Sources */,
			);
			runOnlyForDeploymentPostprocessing = 0;
		};
/* End PBXSourcesBuildPhase section */

/* Begin PBXTargetDependency section */
		5E90BCE52B8245E70077B1E2 /* PBXTargetDependency */ = {
			isa = PBXTargetDependency;
			target = 5E90BCD22B8245E50077B1E2 /* Deploy */;
			targetProxy = 5E90BCE42B8245E70077B1E2 /* PBXContainerItemProxy */;
		};
		5E90BCEF2B8245E70077B1E2 /* PBXTargetDependency */ = {
			isa = PBXTargetDependency;
			target = 5E90BCD22B8245E50077B1E2 /* Deploy */;
			targetProxy = 5E90BCEE2B8245E70077B1E2 /* PBXContainerItemProxy */;
		};
/* End PBXTargetDependency section */

/* Begin XCBuildConfiguration section */
		5E90BCF52B8245E70077B1E2 /* Debug */ = {
			isa = XCBuildConfiguration;
			buildSettings = {
				ALWAYS_SEARCH_USER_PATHS = NO;
				ASSETCATALOG_COMPILER_GENERATE_SWIFT_ASSET_SYMBOL_EXTENSIONS = YES;
				CLANG_ANALYZER_NONNULL = YES;
				CLANG_ANALYZER_NUMBER_OBJECT_CONVERSION = YES_AGGRESSIVE;
				CLANG_CXX_LANGUAGE_STANDARD = "gnu++20";
				CLANG_ENABLE_MODULES = YES;
				CLANG_ENABLE_OBJC_ARC = YES;
				CLANG_ENABLE_OBJC_WEAK = YES;
				CLANG_WARN_BLOCK_CAPTURE_AUTORELEASING = YES;
				CLANG_WARN_BOOL_CONVERSION = YES;
				CLANG_WARN_COMMA = YES;
				CLANG_WARN_CONSTANT_CONVERSION = YES;
				CLANG_WARN_DEPRECATED_OBJC_IMPLEMENTATIONS = YES;
				CLANG_WARN_DIRECT_OBJC_ISA_USAGE = YES_ERROR;
				CLANG_WARN_DOCUMENTATION_COMMENTS = YES;
				CLANG_WARN_EMPTY_BODY = YES;
				CLANG_WARN_ENUM_CONVERSION = YES;
				CLANG_WARN_INFINITE_RECURSION = YES;
				CLANG_WARN_INT_CONVERSION = YES;
				CLANG_WARN_NON_LITERAL_NULL_CONVERSION = YES;
				CLANG_WARN_OBJC_IMPLICIT_RETAIN_SELF = YES;
				CLANG_WARN_OBJC_LITERAL_CONVERSION = YES;
				CLANG_WARN_OBJC_ROOT_CLASS = YES_ERROR;
				CLANG_WARN_QUOTED_INCLUDE_IN_FRAMEWORK_HEADER = YES;
				CLANG_WARN_RANGE_LOOP_ANALYSIS = YES;
				CLANG_WARN_STRICT_PROTOTYPES = YES;
				CLANG_WARN_SUSPICIOUS_MOVE = YES;
				CLANG_WARN_UNGUARDED_AVAILABILITY = YES_AGGRESSIVE;
				CLANG_WARN_UNREACHABLE_CODE = YES;
				CLANG_WARN__DUPLICATE_METHOD_MATCH = YES;
				COPY_PHASE_STRIP = NO;
				DEBUG_INFORMATION_FORMAT = dwarf;
				ENABLE_STRICT_OBJC_MSGSEND = YES;
				ENABLE_TESTABILITY = YES;
				ENABLE_USER_SCRIPT_SANDBOXING = YES;
				GCC_C_LANGUAGE_STANDARD = gnu17;
				GCC_DYNAMIC_NO_PIC = NO;
				GCC_NO_COMMON_BLOCKS = YES;
				GCC_OPTIMIZATION_LEVEL = 0;
				GCC_PREPROCESSOR_DEFINITIONS = (
					"DEBUG=1",
					"$(inherited)",
				);
				GCC_WARN_64_TO_32_BIT_CONVERSION = YES;
				GCC_WARN_ABOUT_RETURN_TYPE = YES_ERROR;
				GCC_WARN_UNDECLARED_SELECTOR = YES;
				GCC_WARN_UNINITIALIZED_AUTOS = YES_AGGRESSIVE;
				GCC_WARN_UNUSED_FUNCTION = YES;
				GCC_WARN_UNUSED_VARIABLE = YES;
				IPHONEOS_DEPLOYMENT_TARGET = 17.2;
				LOCALIZATION_PREFERS_STRING_CATALOGS = YES;
				MTL_ENABLE_DEBUG_INFO = INCLUDE_SOURCE;
				MTL_FAST_MATH = YES;
				ONLY_ACTIVE_ARCH = YES;
				SDKROOT = iphoneos;
				SWIFT_ACTIVE_COMPILATION_CONDITIONS = "DEBUG $(inherited)";
				SWIFT_OPTIMIZATION_LEVEL = "-Onone";
			};
			name = Debug;
		};
		5E90BCF62B8245E70077B1E2 /* Release */ = {
			isa = XCBuildConfiguration;
			buildSettings = {
				ALWAYS_SEARCH_USER_PATHS = NO;
				ASSETCATALOG_COMPILER_GENERATE_SWIFT_ASSET_SYMBOL_EXTENSIONS = YES;
				CLANG_ANALYZER_NONNULL = YES;
				CLANG_ANALYZER_NUMBER_OBJECT_CONVERSION = YES_AGGRESSIVE;
				CLANG_CXX_LANGUAGE_STANDARD = "gnu++20";
				CLANG_ENABLE_MODULES = YES;
				CLANG_ENABLE_OBJC_ARC = YES;
				CLANG_ENABLE_OBJC_WEAK = YES;
				CLANG_WARN_BLOCK_CAPTURE_AUTORELEASING = YES;
				CLANG_WARN_BOOL_CONVERSION = YES;
				CLANG_WARN_COMMA = YES;
				CLANG_WARN_CONSTANT_CONVERSION = YES;
				CLANG_WARN_DEPRECATED_OBJC_IMPLEMENTATIONS = YES;
				CLANG_WARN_DIRECT_OBJC_ISA_USAGE = YES_ERROR;
				CLANG_WARN_DOCUMENTATION_COMMENTS = YES;
				CLANG_WARN_EMPTY_BODY = YES;
				CLANG_WARN_ENUM_CONVERSION = YES;
				CLANG_WARN_INFINITE_RECURSION = YES;
				CLANG_WARN_INT_CONVERSION = YES;
				CLANG_WARN_NON_LITERAL_NULL_CONVERSION = YES;
				CLANG_WARN_OBJC_IMPLICIT_RETAIN_SELF = YES;
				CLANG_WARN_OBJC_LITERAL_CONVERSION = YES;
				CLANG_WARN_OBJC_ROOT_CLASS = YES_ERROR;
				CLANG_WARN_QUOTED_INCLUDE_IN_FRAMEWORK_HEADER = YES;
				CLANG_WARN_RANGE_LOOP_ANALYSIS = YES;
				CLANG_WARN_STRICT_PROTOTYPES = YES;
				CLANG_WARN_SUSPICIOUS_MOVE = YES;
				CLANG_WARN_UNGUARDED_AVAILABILITY = YES_AGGRESSIVE;
				CLANG_WARN_UNREACHABLE_CODE = YES;
				CLANG_WARN__DUPLICATE_METHOD_MATCH = YES;
				COPY_PHASE_STRIP = NO;
				DEBUG_INFORMATION_FORMAT = "dwarf-with-dsym";
				ENABLE_NS_ASSERTIONS = NO;
				ENABLE_STRICT_OBJC_MSGSEND = YES;
				ENABLE_USER_SCRIPT_SANDBOXING = YES;
				GCC_C_LANGUAGE_STANDARD = gnu17;
				GCC_NO_COMMON_BLOCKS = YES;
				GCC_WARN_64_TO_32_BIT_CONVERSION = YES;
				GCC_WARN_ABOUT_RETURN_TYPE = YES_ERROR;
				GCC_WARN_UNDECLARED_SELECTOR = YES;
				GCC_WARN_UNINITIALIZED_AUTOS = YES_AGGRESSIVE;
				GCC_WARN_UNUSED_FUNCTION = YES;
				GCC_WARN_UNUSED_VARIABLE = YES;
				IPHONEOS_DEPLOYMENT_TARGET = 17.2;
				LOCALIZATION_PREFERS_STRING_CATALOGS = YES;
				MTL_ENABLE_DEBUG_INFO = NO;
				MTL_FAST_MATH = YES;
				SDKROOT = iphoneos;
				SWIFT_COMPILATION_MODE = wholemodule;
				VALIDATE_PRODUCT = YES;
			};
			name = Release;
		};
		5E90BCF82B8245E70077B1E2 /* Debug */ = {
			isa = XCBuildConfiguration;
			buildSettings = {
				ASSETCATALOG_COMPILER_APPICON_NAME = AppIcon;
				ASSETCATALOG_COMPILER_GLOBAL_ACCENT_COLOR_NAME = AccentColor;
				CODE_SIGN_STYLE = Automatic;
				CURRENT_PROJECT_VERSION = 1;
				DEVELOPMENT_ASSET_PATHS = "\"Deploy/Preview Content\"";
				ENABLE_PREVIEWS = YES;
				GENERATE_INFOPLIST_FILE = YES;
				INFOPLIST_KEY_UIApplicationSceneManifest_Generation = YES;
				INFOPLIST_KEY_UIApplicationSupportsIndirectInputEvents = YES;
				INFOPLIST_KEY_UILaunchScreen_Generation = YES;
				INFOPLIST_KEY_UISupportedInterfaceOrientations_iPad = "UIInterfaceOrientationPortrait UIInterfaceOrientationPortraitUpsideDown UIInterfaceOrientationLandscapeLeft UIInterfaceOrientationLandscapeRight";
				INFOPLIST_KEY_UISupportedInterfaceOrientations_iPhone = "UIInterfaceOrientationPortrait UIInterfaceOrientationLandscapeLeft UIInterfaceOrientationLandscapeRight";
				LD_RUNPATH_SEARCH_PATHS = (
					"$(inherited)",
					"@executable_path/Frameworks",
				);
				MARKETING_VERSION = 1.0;
				PRODUCT_BUNDLE_IDENTIFIER = com.example.apple.Deploy;
				PRODUCT_NAME = "$(TARGET_NAME)";
				SWIFT_EMIT_LOC_STRINGS = YES;
				SWIFT_VERSION = 5.0;
				TARGETED_DEVICE_FAMILY = "1,2";
			};
			name = Debug;
		};
		5E90BCF92B8245E70077B1E2 /* Release */ = {
			isa = XCBuildConfiguration;
			buildSettings = {
				ASSETCATALOG_COMPILER_APPICON_NAME = AppIcon;
				ASSETCATALOG_COMPILER_GLOBAL_ACCENT_COLOR_NAME = AccentColor;
				CODE_SIGN_STYLE = Automatic;
				CURRENT_PROJECT_VERSION = 1;
				DEVELOPMENT_ASSET_PATHS = "\"Deploy/Preview Content\"";
				ENABLE_PREVIEWS = YES;
				GENERATE_INFOPLIST_FILE = YES;
				INFOPLIST_KEY_UIApplicationSceneManifest_Generation = YES;
				INFOPLIST_KEY_UIApplicationSupportsIndirectInputEvents = YES;
				INFOPLIST_KEY_UILaunchScreen_Generation = YES;
				INFOPLIST_KEY_UISupportedInterfaceOrientations_iPad = "UIInterfaceOrientationPortrait UIInterfaceOrientationPortraitUpsideDown UIInterfaceOrientationLandscapeLeft UIInterfaceOrientationLandscapeRight";
				INFOPLIST_KEY_UISupportedInterfaceOrientations_iPhone = "UIInterfaceOrientationPortrait UIInterfaceOrientationLandscapeLeft UIInterfaceOrientationLandscapeRight";
				LD_RUNPATH_SEARCH_PATHS = (
					"$(inherited)",
					"@executable_path/Frameworks",
				);
				MARKETING_VERSION = 1.0;
				PRODUCT_BUNDLE_IDENTIFIER = com.example.apple.Deploy;
				PRODUCT_NAME = "$(TARGET_NAME)";
				SWIFT_EMIT_LOC_STRINGS = YES;
				SWIFT_VERSION = 5.0;
				TARGETED_DEVICE_FAMILY = "1,2";
			};
			name = Release;
		};
		5E90BCFB2B8245E70077B1E2 /* Debug */ = {
			isa = XCBuildConfiguration;
			buildSettings = {
				ALWAYS_EMBED_SWIFT_STANDARD_LIBRARIES = YES;
				BUNDLE_LOADER = "$(TEST_HOST)";
				CODE_SIGN_STYLE = Automatic;
				CURRENT_PROJECT_VERSION = 1;
				GENERATE_INFOPLIST_FILE = YES;
				IPHONEOS_DEPLOYMENT_TARGET = 17.2;
				MARKETING_VERSION = 1.0;
				PRODUCT_BUNDLE_IDENTIFIER = com.example.apple.DeployTests;
				PRODUCT_NAME = "$(TARGET_NAME)";
				SWIFT_EMIT_LOC_STRINGS = NO;
				SWIFT_VERSION = 5.0;
				TARGETED_DEVICE_FAMILY = "1,2";
				TEST_HOST = "$(BUILT_PRODUCTS_DIR)/Deploy.app/$(BUNDLE_EXECUTABLE_FOLDER_PATH)/Deploy";
			};
			name = Debug;
		};
		5E90BCFC2B8245E70077B1E2 /* Release */ = {
			isa = XCBuildConfiguration;
			buildSettings = {
				ALWAYS_EMBED_SWIFT_STANDARD_LIBRARIES = YES;
				BUNDLE_LOADER = "$(TEST_HOST)";
				CODE_SIGN_STYLE = Automatic;
				CURRENT_PROJECT_VERSION = 1;
				GENERATE_INFOPLIST_FILE = YES;
				IPHONEOS_DEPLOYMENT_TARGET = 17.2;
				MARKETING_VERSION = 1.0;
				PRODUCT_BUNDLE_IDENTIFIER = com.example.apple.DeployTests;
				PRODUCT_NAME = "$(TARGET_NAME)";
				SWIFT_EMIT_LOC_STRINGS = NO;
				SWIFT_VERSION = 5.0;
				TARGETED_DEVICE_FAMILY = "1,2";
				TEST_HOST = "$(BUILT_PRODUCTS_DIR)/Deploy.app/$(BUNDLE_EXECUTABLE_FOLDER_PATH)/Deploy";
			};
			name = Release;
		};
		5E90BCFE2B8245E70077B1E2 /* Debug */ = {
			isa = XCBuildConfiguration;
			buildSettings = {
				ALWAYS_EMBED_SWIFT_STANDARD_LIBRARIES = YES;
				CODE_SIGN_STYLE = Automatic;
				CURRENT_PROJECT_VERSION = 1;
				GENERATE_INFOPLIST_FILE = YES;
				MARKETING_VERSION = 1.0;
				PRODUCT_BUNDLE_IDENTIFIER = com.example.apple.DeployUITests;
				PRODUCT_NAME = "$(TARGET_NAME)";
				SWIFT_EMIT_LOC_STRINGS = NO;
				SWIFT_VERSION = 5.0;
				TARGETED_DEVICE_FAMILY = "1,2";
				TEST_TARGET_NAME = Deploy;
			};
			name = Debug;
		};
		5E90BCFF2B8245E70077B1E2 /* Release */ = {
			isa = XCBuildConfiguration;
			buildSettings = {
				ALWAYS_EMBED_SWIFT_STANDARD_LIBRARIES = YES;
				CODE_SIGN_STYLE = Automatic;
				CURRENT_PROJECT_VERSION = 1;
				GENERATE_INFOPLIST_FILE = YES;
				MARKETING_VERSION = 1.0;
				PRODUCT_BUNDLE_IDENTIFIER = com.example.apple.DeployUITests;
				PRODUCT_NAME = "$(TARGET_NAME)";
				SWIFT_EMIT_LOC_STRINGS = NO;
				SWIFT_VERSION = 5.0;
				TARGETED_DEVICE_FAMILY = "1,2";
				TEST_TARGET_NAME = Deploy;
			};
			name = Release;
		};
/* End XCBuildConfiguration section */

/* Begin XCConfigurationList section */
		5E90BCCE2B8245E50077B1E2 /* Build configuration list for PBXProject "Deploy" */ = {
			isa = XCConfigurationList;
			buildConfigurations = (
				5E90BCF52B8245E70077B1E2 /* Debug */,
				5E90BCF62B8245E70077B1E2 /* Release */,
			);
			defaultConfigurationIsVisible = 0;
			defaultConfigurationName = Release;
		};
		5E90BCF72B8245E70077B1E2 /* Build configuration list for PBXNativeTarget "Deploy" */ = {
			isa = XCConfigurationList;
			buildConfigurations = (
				5E90BCF82B8245E70077B1E2 /* Debug */,
				5E90BCF92B8245E70077B1E2 /* Release */,
			);
			defaultConfigurationIsVisible = 0;
			defaultConfigurationName = Release;
		};
		5E90BCFA2B8245E70077B1E2 /* Build configuration list for PBXNativeTarget "DeployTests" */ = {
			isa = XCConfigurationList;
			buildConfigurations = (
				5E90BCFB2B8245E70077B1E2 /* Debug */,
				5E90BCFC2B8245E70077B1E2 /* Release */,
			);
			defaultConfigurationIsVisible = 0;
			defaultConfigurationName = Release;
		};
		5E90BCFD2B8245E70077B1E2 /* Build configuration list for PBXNativeTarget "DeployUITests" */ = {
			isa = XCConfigurationList;
			buildConfigurations = (
				5E90BCFE2B8245E70077B1E2 /* Debug */,
				5E90BCFF2B8245E70077B1E2 /* Release */,
			);
			defaultConfigurationIsVisible = 0;
			defaultConfigurationName = Release;
		};
/* End XCConfigurationList section */
	};
	rootObject = 5E90BCCB2B8245E50077B1E2 /* Project object */;
}
